
Microsoft Visual Studio Solution File, Format Version 12.00
# Visual Studio Version 16
VisualStudioVersion = 16.0.31105.61
MinimumVisualStudioVersion = 10.0.40219.1
Project("{FAE04EC0-301F-11D3-BF4B-00C04F79EFBC}") = "Mindbox", "mindboxTest\Mindbox.csproj", "{1C268B2E-F596-4716-A215-63B485EF3D73}"
EndProject
Project("{FAE04EC0-301F-11D3-BF4B-00C04F79EFBC}") = "TestFigure", "TestFigure\TestFigure.csproj", "{7460C3AC-E2CB-4DC3-8B79-358D7EB2B5FA}"
EndProject
Global
	GlobalSection(SolutionConfigurationPlatforms) = preSolution
		Debug|Any CPU = Debug|Any CPU
		Release|Any CPU = Release|Any CPU
	EndGlobalSection
	GlobalSection(ProjectConfigurationPlatforms) = postSolution
		{1C268B2E-F596-4716-A215-63B485EF3D73}.Debug|Any CPU.ActiveCfg = Debug|Any CPU
		{1C268B2E-F596-4716-A215-63B485EF3D73}.Debug|Any CPU.Build.0 = Debug|Any CPU
		{1C268B2E-F596-4716-A215-63B485EF3D73}.Release|Any CPU.ActiveCfg = Release|Any CPU
		{1C268B2E-F596-4716-A215-63B485EF3D73}.Release|Any CPU.Build.0 = Release|Any CPU
		{7460C3AC-E2CB-4DC3-8B79-358D7EB2B5FA}.Debug|Any CPU.ActiveCfg = Debug|Any CPU
		{7460C3AC-E2CB-4DC3-8B79-358D7EB2B5FA}.Debug|Any CPU.Build.0 = Debug|Any CPU
		{7460C3AC-E2CB-4DC3-8B79-358D7EB2B5FA}.Release|Any CPU.ActiveCfg = Release|Any CPU
		{7460C3AC-E2CB-4DC3-8B79-358D7EB2B5FA}.Release|Any CPU.Build.0 = Release|Any CPU
	EndGlobalSection
	GlobalSection(SolutionProperties) = preSolution
		HideSolutionNode = FALSE
	EndGlobalSection
	GlobalSection(ExtensibilityGlobals) = postSolution
		SolutionGuid = {F25CA76B-8A20-4F59-9D6D-D1BBA7E2441A}
	EndGlobalSection
EndGlobal
